Microsoft Visual Studio Solution File, Format Version 11.00
# Visual Studio 2008

Project("{A7CD17AD-2A47-7FDC-86F0-6ED465373B8C}") = "Unity1012", "Assembly-UnityScript.unityproj", "{9F265516-7CDB-246F-0EEE-60FF4D0C4DFE}"
EndProject
Global
	GlobalSection(SolutionConfigurationPlatforms) = preSolution
		Debug|Any CPU = Debug|Any CPU
		Release|Any CPU = Release|Any CPU
	EndGlobalSection
	GlobalSection(ProjectConfigurationPlatforms) = postSolution
		{9F265516-7CDB-246F-0EEE-60FF4D0C4DFE}.Debug|Any CPU.ActiveCfg = Debug|Any CPU
		{9F265516-7CDB-246F-0EEE-60FF4D0C4DFE}.Debug|Any CPU.Build.0 = Debug|Any CPU
		{9F265516-7CDB-246F-0EEE-60FF4D0C4DFE}.Release|Any CPU.ActiveCfg = Release|Any CPU
		{9F265516-7CDB-246F-0EEE-60FF4D0C4DFE}.Release|Any CPU.Build.0 = Release|Any CPU
	EndGlobalSection
	GlobalSection(SolutionProperties) = preSolution
		HideSolutionNode = FALSE
	EndGlobalSection
									GlobalSection(MonoDevelopProperties) = preSolution
		StartupItem = Assembly-CSharp.csproj
		Policies = $0
		$0.TextStylePolicy = $1
		$1.inheritsSet = null
		$1.scope = text/x-csharp
		$0.CSharpFormattingPolicy = $2
		$2.inheritsSet = Mono
		$2.inheritsScope = text/x-csharp
		$2.scope = text/x-csharp
		$0.TextStylePolicy = $3
		$3.FileWidth = 120
		$3.TabWidth = 4
		$3.EolMarker = Unix
		$3.inheritsSet = Mono
		$3.inheritsScope = text/plain
		$3.scope = text/plain
	EndGlobalSection

EndGlobal
